{
  "name": "opfer-10155.github.io",
  "version": "1.0.0",
  "lockfileVersion": 2,
  "requires": true,
  "packages": {
    "": {
      "name": "opfer-10155.github.io",
      "version": "1.0.0",
      "license": "MIT",
      "devDependencies": {
        "elm-spa": "^5.0.4"
      }
    },
    "node_modules/elm-spa": {
      "version": "5.0.4",
      "resolved": "https://registry.npmjs.org/elm-spa/-/elm-spa-5.0.4.tgz",
      "integrity": "sha512-q9zyxHMSmaPklLgyvzaRAbNOTwfKWYRSpbO7LlK8dNogyFoYbCwLFJtQHUkpCNaBBGHfv9zE98k4rieNIssIFA==",
      "dev": true,
      "dependencies": {
        "prompts": "2.3.2"
      },
      "bin": {
        "elm-spa": "index.js"
      }
    },
    "node_modules/kleur": {
      "version": "3.0.3",
      "resolved": "https://registry.npmjs.org/kleur/-/kleur-3.0.3.tgz",
      "integrity": "sha512-eTIzlVOSUR+JxdDFepEYcBMtZ9Qqdef+rnzWdRZuMbOywu5tO2w2N7rqjoANZ5k9vywhL6Br1VRjUIgTQx4E8w==",
      "dev": true,
      "engines": {
        "node": ">=6"
      }
    },
    "node_modules/prompts": {
      "version": "2.3.2",
      "resolved": "https://registry.npmjs.org/prompts/-/prompts-2.3.2.tgz",
      "integrity": "sha512-Q06uKs2CkNYVID0VqwfAl9mipo99zkBv/n2JtWY89Yxa3ZabWSrs0e2KTudKVa3peLUvYXMefDqIleLPVUBZMA==",
      "dev": true,
      "dependencies": {
        "kleur": "^3.0.3",
        "sisteransi": "^1.0.4"
      },
      "engines": {
        "node": ">= 6"
      }
    },
    "node_modules/sisteransi": {
      "version": "1.0.5",
      "resolved": "https://registry.npmjs.org/sisteransi/-/sisteransi-1.0.5.tgz",
      "integrity": "sha512-bLGGlR1QxBcynn2d5YmDX4MGjlZvy2MRBDRNHLJ8VI6l6+9FUiyTFNJ0IveOSP0bcXgVDPRcfGqA0pjaqUpfVg==",
      "dev": true
    }
  },
  "dependencies": {
    "elm-spa": {
      "version": "5.0.4",
      "resolved": "https://registry.npmjs.org/elm-spa/-/elm-spa-5.0.4.tgz",
      "integrity": "sha512-q9zyxHMSmaPklLgyvzaRAbNOTwfKWYRSpbO7LlK8dNogyFoYbCwLFJtQHUkpCNaBBGHfv9zE98k4rieNIssIFA==",
      "dev": true,
      "requires": {
        "prompts": "2.3.2"
      }
    },
    "kleur": {
      "version": "3.0.3",
      "resolved": "https://registry.npmjs.org/kleur/-/kleur-3.0.3.tgz",
      "integrity": "sha512-eTIzlVOSUR+JxdDFepEYcBMtZ9Qqdef+rnzWdRZuMbOywu5tO2w2N7rqjoANZ5k9vywhL6Br1VRjUIgTQx4E8w==",
      "dev": true
    },
    "prompts": {
      "version": "2.3.2",
      "resolved": "https://registry.npmjs.org/prompts/-/prompts-2.3.2.tgz",
      "integrity": "sha512-Q06uKs2CkNYVID0VqwfAl9mipo99zkBv/n2JtWY89Yxa3ZabWSrs0e2KTudKVa3peLUvYXMefDqIleLPVUBZMA==",
      "dev": true,
      "requires": {
        "kleur": "^3.0.3",
        "sisteransi": "^1.0.4"
      }
    },
    "sisteransi": {
      "version": "1.0.5",
      "resolved": "https://registry.npmjs.org/sisteransi/-/sisteransi-1.0.5.tgz",
      "integrity": "sha512-bLGGlR1QxBcynn2d5YmDX4MGjlZvy2MRBDRNHLJ8VI6l6+9FUiyTFNJ0IveOSP0bcXgVDPRcfGqA0pjaqUpfVg==",
      "dev": true
    }
  }
}
